{
  "name": "@bkou/cli",
  "version": "0.0.3",
  "lockfileVersion": 2,
  "requires": true,
  "packages": {
    "": {
      "name": "@bkou/cli",
      "version": "0.0.3",
      "license": "ISC",
      "bin": {
        "bk": "dist/bin/main.js",
        "le": "dist/bin/countWords/le.js",
        "rb": "dist/bin/rbTool/rb.js",
        "rbl": "dist/bin/rbTool/rbl.js"
      },
      "devDependencies": {
        "@types/node": "^20.12.11",
        "typescript": "^5.4.5"
      }
    },
    "node_modules/@types/node": {
      "version": "20.16.9",
      "resolved": "https://0x3f.modao.cc/docker-nexus/repository/npm/@types/node/-/node-20.16.9.tgz",
      "integrity": "sha512-rkvIVJxsOfBejxK7I0FO5sa2WxFmJCzoDwcd88+fq/CUfynNywTo/1/T6hyFz22CyztsnLS9nVlHOnTI36RH5w==",
      "dev": true,
      "license": "MIT",
      "dependencies": {
        "undici-types": "~6.19.2"
      }
    },
    "node_modules/typescript": {
      "version": "5.6.2",
      "resolved": "https://0x3f.modao.cc/docker-nexus/repository/npm/typescript/-/typescript-5.6.2.tgz",
      "integrity": "sha512-NW8ByodCSNCwZeghjN3o+JX5OFH0Ojg6sadjEKY4huZ52TqbJTJnDo5+Tw98lSy63NZvi4n+ez5m2u5d4PkZyw==",
      "dev": true,
      "license": "Apache-2.0",
      "bin": {
        "tsc": "bin/tsc",
        "tsserver": "bin/tsserver"
      },
      "engines": {
        "node": ">=14.17"
      }
    },
    "node_modules/undici-types": {
      "version": "6.19.8",
      "resolved": "https://0x3f.modao.cc/docker-nexus/repository/npm/undici-types/-/undici-types-6.19.8.tgz",
      "integrity": "sha512-ve2KP6f/JnbPBFyobGHuerC9g1FYGn/F8n1LWTwNxCEzd6IfqTwUQcNXgEtmmQ6DlRrC1hrSrBnCZPokRrDHjw==",
      "dev": true,
      "license": "MIT"
    }
  },
  "dependencies": {
    "@types/node": {
      "version": "20.16.9",
      "resolved": "https://0x3f.modao.cc/docker-nexus/repository/npm/@types/node/-/node-20.16.9.tgz",
      "integrity": "sha512-rkvIVJxsOfBejxK7I0FO5sa2WxFmJCzoDwcd88+fq/CUfynNywTo/1/T6hyFz22CyztsnLS9nVlHOnTI36RH5w==",
      "dev": true,
      "requires": {
        "undici-types": "~6.19.2"
      }
    },
    "typescript": {
      "version": "5.6.2",
      "resolved": "https://0x3f.modao.cc/docker-nexus/repository/npm/typescript/-/typescript-5.6.2.tgz",
      "integrity": "sha512-NW8ByodCSNCwZeghjN3o+JX5OFH0Ojg6sadjEKY4huZ52TqbJTJnDo5+Tw98lSy63NZvi4n+ez5m2u5d4PkZyw==",
      "dev": true
    },
    "undici-types": {
      "version": "6.19.8",
      "resolved": "https://0x3f.modao.cc/docker-nexus/repository/npm/undici-types/-/undici-types-6.19.8.tgz",
      "integrity": "sha512-ve2KP6f/JnbPBFyobGHuerC9g1FYGn/F8n1LWTwNxCEzd6IfqTwUQcNXgEtmmQ6DlRrC1hrSrBnCZPokRrDHjw==",
      "dev": true
    }
  }
}
